
Microsoft Visual Studio Solution File, Format Version 12.00
# Visual Studio Version 17
VisualStudioVersion = 17.13.35825.156 d17.13
MinimumVisualStudioVersion = 10.0.40219.1
Project("{FAE04EC0-301F-11D3-BF4B-00C04F79EFBC}") = "student-data-web-api", "student-data-web-api.csproj", "{BE372961-0A77-4600-9561-B4DF273769A7}"
EndProject
Global
	GlobalSection(SolutionConfigurationPlatforms) = preSolution
		Debug|Any CPU = Debug|Any CPU
		Release|Any CPU = Release|Any CPU
	EndGlobalSection
	GlobalSection(ProjectConfigurationPlatforms) = postSolution
		{BE372961-0A77-4600-9561-B4DF273769A7}.Debug|Any CPU.ActiveCfg = Debug|Any CPU
		{BE372961-0A77-4600-9561-B4DF273769A7}.Debug|Any CPU.Build.0 = Debug|Any CPU
		{BE372961-0A77-4600-9561-B4DF273769A7}.Release|Any CPU.ActiveCfg = Release|Any CPU
		{BE372961-0A77-4600-9561-B4DF273769A7}.Release|Any CPU.Build.0 = Release|Any CPU
	EndGlobalSection
	GlobalSection(SolutionProperties) = preSolution
		HideSolutionNode = FALSE
	EndGlobalSection
	GlobalSection(ExtensibilityGlobals) = postSolution
		SolutionGuid = {E1C3AEB2-92E8-4735-BC5F-D8D2503203C3}
	EndGlobalSection
EndGlobal
